{
  "requires": true,
  "lockfileVersion": 1,
  "dependencies": {
    "emoji-picker-textarea": {
      "version": "1.0.1",
      "resolved": "https://registry.npmjs.org/emoji-picker-textarea/-/emoji-picker-textarea-1.0.1.tgz",
      "integrity": "sha512-EVUhcdw9Y7T369NRay4a7XYbAPVZ0DR65x7oTjIt/goAV0pgsE69exMhOnI9C8ckpotAYLmSHG0nkim8c6BwXw=="
    }
  }
}
